
Microsoft Visual Studio Solution File, Format Version 12.00
# Visual Studio Version 16
VisualStudioVersion = 16.0.29418.71
MinimumVisualStudioVersion = 10.0.40219.1
Project("{FAE04EC0-301F-11D3-BF4B-00C04F79EFBC}") = "WindowsFormsApp3", "WindowsFormsApp3.csproj", "{DDCC4D6C-0E7B-4601-861C-1ED856C3910E}"
EndProject
Global
	GlobalSection(SolutionConfigurationPlatforms) = preSolution
		Debug|Any CPU = Debug|Any CPU
		Release|Any CPU = Release|Any CPU
	EndGlobalSection
	GlobalSection(ProjectConfigurationPlatforms) = postSolution
		{DDCC4D6C-0E7B-4601-861C-1ED856C3910E}.Debug|Any CPU.ActiveCfg = Debug|Any CPU
		{DDCC4D6C-0E7B-4601-861C-1ED856C3910E}.Debug|Any CPU.Build.0 = Debug|Any CPU
		{DDCC4D6C-0E7B-4601-861C-1ED856C3910E}.Release|Any CPU.ActiveCfg = Release|Any CPU
		{DDCC4D6C-0E7B-4601-861C-1ED856C3910E}.Release|Any CPU.Build.0 = Release|Any CPU
	EndGlobalSection
	GlobalSection(SolutionProperties) = preSolution
		HideSolutionNode = FALSE
	EndGlobalSection
	GlobalSection(ExtensibilityGlobals) = postSolution
		SolutionGuid = {2BDBD5F7-6B1A-4117-A917-87BA3FE96121}
	EndGlobalSection
EndGlobal
